
Microsoft Visual Studio Solution File, Format Version 12.00
# Visual Studio Version 17
VisualStudioVersion = 17.1.32210.238
MinimumVisualStudioVersion = 10.0.40219.1
Project("{FAE04EC0-301F-11D3-BF4B-00C04F79EFBC}") = "random", "random.csproj", "{38E60B31-21CC-4467-A2F8-DFCC133C1671}"
EndProject
Global
	GlobalSection(SolutionConfigurationPlatforms) = preSolution
		Debug|Any CPU = Debug|Any CPU
		Release|Any CPU = Release|Any CPU
	EndGlobalSection
	GlobalSection(ProjectConfigurationPlatforms) = postSolution
		{38E60B31-21CC-4467-A2F8-DFCC133C1671}.Debug|Any CPU.ActiveCfg = Debug|Any CPU
		{38E60B31-21CC-4467-A2F8-DFCC133C1671}.Debug|Any CPU.Build.0 = Debug|Any CPU
		{38E60B31-21CC-4467-A2F8-DFCC133C1671}.Release|Any CPU.ActiveCfg = Release|Any CPU
		{38E60B31-21CC-4467-A2F8-DFCC133C1671}.Release|Any CPU.Build.0 = Release|Any CPU
	EndGlobalSection
	GlobalSection(SolutionProperties) = preSolution
		HideSolutionNode = FALSE
	EndGlobalSection
	GlobalSection(ExtensibilityGlobals) = postSolution
		SolutionGuid = {F7FC71DC-99A3-4324-9ACB-8EB797980AB6}
	EndGlobalSection
EndGlobal
