
Microsoft Visual Studio Solution File, Format Version 12.00
# Visual Studio Version 17
VisualStudioVersion = 17.1.32210.238
MinimumVisualStudioVersion = 10.0.40219.1
Project("{FAE04EC0-301F-11D3-BF4B-00C04F79EFBC}") = "vowelorconsonant", "vowelorconsonant.csproj", "{26F64E87-C981-4CBF-895E-864F1E840211}"
EndProject
Global
	GlobalSection(SolutionConfigurationPlatforms) = preSolution
		Debug|Any CPU = Debug|Any CPU
		Release|Any CPU = Release|Any CPU
	EndGlobalSection
	GlobalSection(ProjectConfigurationPlatforms) = postSolution
		{26F64E87-C981-4CBF-895E-864F1E840211}.Debug|Any CPU.ActiveCfg = Debug|Any CPU
		{26F64E87-C981-4CBF-895E-864F1E840211}.Debug|Any CPU.Build.0 = Debug|Any CPU
		{26F64E87-C981-4CBF-895E-864F1E840211}.Release|Any CPU.ActiveCfg = Release|Any CPU
		{26F64E87-C981-4CBF-895E-864F1E840211}.Release|Any CPU.Build.0 = Release|Any CPU
	EndGlobalSection
	GlobalSection(SolutionProperties) = preSolution
		HideSolutionNode = FALSE
	EndGlobalSection
	GlobalSection(ExtensibilityGlobals) = postSolution
		SolutionGuid = {E2EA265A-7A43-4647-842C-6970E15EEB1A}
	EndGlobalSection
EndGlobal
